# THIS IS AN AUTOGENERATED FILE. DO NOT EDIT THIS FILE DIRECTLY.
# yarn lockfile v1


CSSselect@~0.4.0:
  version "0.4.1"
  resolved "https://registry.yarnpkg.com/CSSselect/-/CSSselect-0.4.1.tgz#f8ab7e1f8418ce63cda6eb7bd778a85d7ec492b2"
  dependencies:
    CSSwhat "0.4"
    domutils "1.4"

CSSwhat@0.4:
  version "0.4.7"
  resolved "https://registry.yarnpkg.com/CSSwhat/-/CSSwhat-0.4.7.tgz#867da0ff39f778613242c44cfea83f0aa4ebdf9b"

ansi-styles@~1.0.0:
  version "1.0.0"
  resolved "https://registry.yarnpkg.com/ansi-styles/-/ansi-styles-1.0.0.tgz#cb102df1c56f5123eab8b67cd7b98027a0279178"

"apparatus@>= 0.0.6":
  version "0.0.9"
  resolved "https://registry.yarnpkg.com/apparatus/-/apparatus-0.0.9.tgz#37dcd25834ad0b651076596291db823eeb1908bd"
  dependencies:
    sylvester ">= 0.0.8"

"argparse@~ 0.1.11":
  version "0.1.16"
  resolved "https://registry.yarnpkg.com/argparse/-/argparse-0.1.16.tgz#cfd01e0fbba3d6caed049fbd758d40f65196f57c"
  dependencies:
    underscore "~1.7.0"
    underscore.string "~2.4.0"

async@~0.9.0:
  version "0.9.2"
  resolved "https://registry.yarnpkg.com/async/-/async-0.9.2.tgz#aea74d5e61c1f899613bf64bda66d4c78f2fd17d"

asynckit@^0.4.0:
  version "0.4.0"
  resolved "https://registry.yarnpkg.com/asynckit/-/asynckit-0.4.0.tgz#c79ed97f7f34cb8f2ba1bc9790bcc366474b4b79"

buffer-shims@~1.0.0:
  version "1.0.0"
  resolved "https://registry.yarnpkg.com/buffer-shims/-/buffer-shims-1.0.0.tgz#9978ce317388c649ad8793028c3477ef044a8b51"

chalk@~0.4.0:
  version "0.4.0"
  resolved "https://registry.yarnpkg.com/chalk/-/chalk-0.4.0.tgz#5199a3ddcd0c1efe23bc08c1b027b06176e0c64f"
  dependencies:
    ansi-styles "~1.0.0"
    has-color "~0.1.0"
    strip-ansi "~0.1.0"

cheerio@~0.16.0:
  version "0.16.0"
  resolved "https://registry.yarnpkg.com/cheerio/-/cheerio-0.16.0.tgz#780ae472692ea85e1e0fe332e806bdba98c16d0a"
  dependencies:
    CSSselect "~0.4.0"
    entities "~1.1.1"
    htmlparser2 "~3.7.0"
    lodash "~2.4.1"

cheerio@~0.17.0:
  version "0.17.0"
  resolved "https://registry.yarnpkg.com/cheerio/-/cheerio-0.17.0.tgz#fa5ae42cc60121133d296d0b46d983215f7268ea"
  dependencies:
    CSSselect "~0.4.0"
    dom-serializer "~0.0.0"
    entities "~1.1.1"
    htmlparser2 "~3.7.2"
    lodash "~2.4.1"

combined-stream@^1.0.5:
  version "1.0.5"
  resolved "https://registry.yarnpkg.com/combined-stream/-/combined-stream-1.0.5.tgz#938370a57b4a51dea2c77c15d5c5fdf895164009"
  dependencies:
    delayed-stream "~1.0.0"

combined-stream@~0.0.4:
  version "0.0.7"
  resolved "https://registry.yarnpkg.com/combined-stream/-/combined-stream-0.0.7.tgz#0137e657baa5a7541c57ac37ac5fc07d73b4dc1f"
  dependencies:
    delayed-stream "0.0.5"

component-emitter@1.1.2:
  version "1.1.2"
  resolved "https://registry.yarnpkg.com/component-emitter/-/component-emitter-1.1.2.tgz#296594f2753daa63996d2af08d15a95116c9aec3"

component-emitter@^1.2.0:
  version "1.2.1"
  resolved "https://registry.yarnpkg.com/component-emitter/-/component-emitter-1.2.1.tgz#137918d6d78283f7df7a6b7c5a63e140e69425e6"

cookiejar@2.0.1:
  version "2.0.1"
  resolved "https://registry.yarnpkg.com/cookiejar/-/cookiejar-2.0.1.tgz#3d12752f6adf68a892f332433492bd5812bb668f"

cookiejar@^2.0.6:
  version "2.1.1"
  resolved "https://registry.yarnpkg.com/cookiejar/-/cookiejar-2.1.1.tgz#41ad57b1b555951ec171412a81942b1e8200d34a"

core-util-is@~1.0.0:
  version "1.0.2"
  resolved "https://registry.yarnpkg.com/core-util-is/-/core-util-is-1.0.2.tgz#b5fd54220aa2bc5ab57aab7140c940754503c1a7"

debug@*, debug@^2.2.0:
  version "2.6.6"
  resolved "https://registry.yarnpkg.com/debug/-/debug-2.6.6.tgz#a9fa6fbe9ca43cf1e79f73b75c0189cbb7d6db5a"
  dependencies:
    ms "0.7.3"

debug@^0.8.1:
  version "0.8.1"
  resolved "https://registry.yarnpkg.com/debug/-/debug-0.8.1.tgz#20ff4d26f5e422cb68a1bacbbb61039ad8c1c130"

debug@~1.0.1:
  version "1.0.4"
  resolved "https://registry.yarnpkg.com/debug/-/debug-1.0.4.tgz#5b9c256bd54b6ec02283176fa8a0ede6d154cbf8"
  dependencies:
    ms "0.6.2"

deep-is@~0.1.2:
  version "0.1.3"
  resolved "https://registry.yarnpkg.com/deep-is/-/deep-is-0.1.3.tgz#b369d6fb5dbc13eecf524f91b070feedc357cf34"

delayed-stream@0.0.5:
  version "0.0.5"
  resolved "https://registry.yarnpkg.com/delayed-stream/-/delayed-stream-0.0.5.tgz#d4b1f43a93e8296dfe02694f4680bc37a313c73f"

delayed-stream@~1.0.0:
  version "1.0.0"
  resolved "https://registry.yarnpkg.com/delayed-stream/-/delayed-stream-1.0.0.tgz#df3ae199acadfb7d440aaae0b29e2272b24ec619"

doctrine@~0.5.0:
  version "0.5.2"
  resolved "https://registry.yarnpkg.com/doctrine/-/doctrine-0.5.2.tgz#9c9a7a9041e0f6003d661602b7ee309fd7d861f8"

dom-serializer@0:
  version "0.1.0"
  resolved "https://registry.yarnpkg.com/dom-serializer/-/dom-serializer-0.1.0.tgz#073c697546ce0780ce23be4a28e293e40bc30c82"
  dependencies:
    domelementtype "~1.1.1"
    entities "~1.1.1"

dom-serializer@~0.0.0:
  version "0.0.1"
  resolved "https://registry.yarnpkg.com/dom-serializer/-/dom-serializer-0.0.1.tgz#9589827f1e32d22c37c829adabd59b3247af8eaf"
  dependencies:
    domelementtype "~1.1.1"
    entities "~1.1.1"

domelementtype@1:
  version "1.3.0"
  resolved "https://registry.yarnpkg.com/domelementtype/-/domelementtype-1.3.0.tgz#b17aed82e8ab59e52dd9c19b1756e0fc187204c2"

domelementtype@~1.1.1:
  version "1.1.3"
  resolved "https://registry.yarnpkg.com/domelementtype/-/domelementtype-1.1.3.tgz#bd28773e2642881aec51544924299c5cd822185b"

domhandler@2.2:
  version "2.2.1"
  resolved "https://registry.yarnpkg.com/domhandler/-/domhandler-2.2.1.tgz#59df9dcd227e808b365ae73e1f6684ac3d946fc2"
  dependencies:
    domelementtype "1"

domutils@1.4:
  version "1.4.3"
  resolved "https://registry.yarnpkg.com/domutils/-/domutils-1.4.3.tgz#0865513796c6b306031850e175516baf80b72a6f"
  dependencies:
    domelementtype "1"

domutils@1.5:
  version "1.5.1"
  resolved "https://registry.yarnpkg.com/domutils/-/domutils-1.5.1.tgz#dcd8488a26f563d61079e48c9f7b7e32373682cf"
  dependencies:
    dom-serializer "0"
    domelementtype "1"

entities@1.0:
  version "1.0.0"
  resolved "https://registry.yarnpkg.com/entities/-/entities-1.0.0.tgz#b2987aa3821347fcde642b24fdfc9e4fb712bf26"

entities@~1.1.1:
  version "1.1.1"
  resolved "https://registry.yarnpkg.com/entities/-/entities-1.1.1.tgz#6e5c2d0a5621b5dadaecef80b90edfb5cd7772f0"

escope@~1.0.0:
  version "1.0.3"
  resolved "https://registry.yarnpkg.com/escope/-/escope-1.0.3.tgz#759dce8496c4248fec2d0caaf4108bcf3f1a7f5d"
  dependencies:
    estraverse "^2.0.0"

eslint@0.7.4:
  version "0.7.4"
  resolved "https://registry.yarnpkg.com/eslint/-/eslint-0.7.4.tgz#b70d770575a453313499830ad3292135df892f74"
  dependencies:
    chalk "~0.4.0"
    debug "^0.8.1"
    doctrine "~0.5.0"
    escope "~1.0.0"
    esprima "^1.2.0"
    estraverse "~1.3.0"
    js-yaml "~3.0.1"
    minimatch "^0.3.0"
    mkdirp "^0.5.0"
    object-assign "^0.3.1"
    optionator "^0.4.0"
    strip-json-comments "~0.1.1"
    text-table "~0.2.0"

esprima@^1.2.0:
  version "1.2.5"
  resolved "https://registry.yarnpkg.com/esprima/-/esprima-1.2.5.tgz#0993502feaf668138325756f30f9a51feeec11e9"

"esprima@~ 1.0.2":
  version "1.0.4"
  resolved "https://registry.yarnpkg.com/esprima/-/esprima-1.0.4.tgz#9f557e08fc3b4d26ece9dd34f8fbf476b62585ad"

estraverse@^2.0.0:
  version "2.0.0"
  resolved "https://registry.yarnpkg.com/estraverse/-/estraverse-2.0.0.tgz#5ae46963243600206674ccb24a09e16674fcdca1"

estraverse@~1.3.0:
  version "1.3.2"
  resolved "https://registry.yarnpkg.com/estraverse/-/estraverse-1.3.2.tgz#37c2b893ef13d723f276d878d60d8535152a6c42"

extend@^3.0.0:
  version "3.0.1"
  resolved "https://registry.yarnpkg.com/extend/-/extend-3.0.1.tgz#a755ea7bc1adfcc5a31ce7e762dbaadc5e636444"

extend@~1.2.1:
  version "1.2.1"
  resolved "https://registry.yarnpkg.com/extend/-/extend-1.2.1.tgz#a0f5fd6cfc83a5fe49ef698d60ec8a624dd4576c"

fast-levenshtein@~1.0.0:
  version "1.0.7"
  resolved "https://registry.yarnpkg.com/fast-levenshtein/-/fast-levenshtein-1.0.7.tgz#0178dcdee023b92905193af0959e8a7639cfdcb9"

form-data@0.1.3:
  version "0.1.3"
  resolved "https://registry.yarnpkg.com/form-data/-/form-data-0.1.3.tgz#4ee4346e6eb5362e8344a02075bd8dbd8c7373ea"
  dependencies:
    async "~0.9.0"
    combined-stream "~0.0.4"
    mime "~1.2.11"

form-data@^2.1.1:
  version "2.1.4"
  resolved "https://registry.yarnpkg.com/form-data/-/form-data-2.1.4.tgz#33c183acf193276ecaa98143a69e94bfee1750d1"
  dependencies:
    asynckit "^0.4.0"
    combined-stream "^1.0.5"
    mime-types "^2.1.12"

formidable@1.0.14:
  version "1.0.14"
  resolved "https://registry.yarnpkg.com/formidable/-/formidable-1.0.14.tgz#2b3f4c411cbb5fdd695c44843e2a23514a43231a"

formidable@^1.1.1:
  version "1.1.1"
  resolved "https://registry.yarnpkg.com/formidable/-/formidable-1.1.1.tgz#96b8886f7c3c3508b932d6bd70c4d3a88f35f1a9"

glossary@^0.1.1:
  version "0.1.1"
  resolved "https://registry.yarnpkg.com/glossary/-/glossary-0.1.1.tgz#db9b49b24ffdadbf894c723e90b0fd5e982036cb"
  dependencies:
    natural ">=0.0.28"
    pos "0.1.x"
    underscore "1.1.x"

has-color@~0.1.0:
  version "0.1.7"
  resolved "https://registry.yarnpkg.com/has-color/-/has-color-0.1.7.tgz#67144a5260c34fc3cca677d041daf52fe7b78b2f"

htmlparser2@~3.7.0, htmlparser2@~3.7.2:
  version "3.7.3"
  resolved "https://registry.yarnpkg.com/htmlparser2/-/htmlparser2-3.7.3.tgz#6a64c77637c08c6f30ec2a8157a53333be7cb05e"
  dependencies:
    domelementtype "1"
    domhandler "2.2"
    domutils "1.5"
    entities "1.0"
    readable-stream "1.1"

inherits@~2.0.1:
  version "2.0.3"
  resolved "https://registry.yarnpkg.com/inherits/-/inherits-2.0.3.tgz#633c2c83e3da42a502f52466022480f4208261de"

isarray@0.0.1:
  version "0.0.1"
  resolved "https://registry.yarnpkg.com/isarray/-/isarray-0.0.1.tgz#8a18acfca9a8f4177e09abfc6038939b05d1eedf"

isarray@~1.0.0:
  version "1.0.0"
  resolved "https://registry.yarnpkg.com/isarray/-/isarray-1.0.0.tgz#bb935d48582cba168c06834957a54a3e07124f11"

js-yaml@~3.0.1:
  version "3.0.2"
  resolved "https://registry.yarnpkg.com/js-yaml/-/js-yaml-3.0.2.tgz#9937865f8e897a5e894e73c2c5cf2e89b32eb771"
  dependencies:
    argparse "~ 0.1.11"
    esprima "~ 1.0.2"

levn@~0.2.5:
  version "0.2.5"
  resolved "https://registry.yarnpkg.com/levn/-/levn-0.2.5.tgz#ba8d339d0ca4a610e3a3f145b9caf48807155054"
  dependencies:
    prelude-ls "~1.1.0"
    type-check "~0.3.1"

lodash-node@2.4.1:
  version "2.4.1"
  resolved "https://registry.yarnpkg.com/lodash-node/-/lodash-node-2.4.1.tgz#ea82f7b100c733d1a42af76801e506105e2a80ec"

lodash.assign@4.0.1:
  version "4.0.1"
  resolved "https://registry.yarnpkg.com/lodash.assign/-/lodash.assign-4.0.1.tgz#8e7ff0206897a99dca32fc8123309f5c4c2c731e"
  dependencies:
    lodash.keys "^4.0.0"
    lodash.rest "^4.0.0"

lodash.keys@^4.0.0:
  version "4.2.0"
  resolved "https://registry.yarnpkg.com/lodash.keys/-/lodash.keys-4.2.0.tgz#a08602ac12e4fb83f91fc1fb7a360a4d9ba35205"

lodash.rest@^4.0.0:
  version "4.0.5"
  resolved "https://registry.yarnpkg.com/lodash.rest/-/lodash.rest-4.0.5.tgz#954ef75049262038c96d1fc98b28fdaf9f0772aa"

lodash@^2.4.1, lodash@~2.4.1:
  version "2.4.2"
  resolved "https://registry.yarnpkg.com/lodash/-/lodash-2.4.2.tgz#fadd834b9683073da179b3eae6d9c0d15053f73e"

lru-cache@2:
  version "2.7.3"
  resolved "https://registry.yarnpkg.com/lru-cache/-/lru-cache-2.7.3.tgz#6d4524e8b955f95d4f5b58851ce21dd72fb4e952"

methods@1.0.1:
  version "1.0.1"
  resolved "https://registry.yarnpkg.com/methods/-/methods-1.0.1.tgz#75bc91943dffd7da037cf3eeb0ed73a0037cd14b"

methods@^1.1.1:
  version "1.1.2"
  resolved "https://registry.yarnpkg.com/methods/-/methods-1.1.2.tgz#5529a4d67654134edcc5266656835b0f851afcee"

mime-db@~1.27.0:
  version "1.27.0"
  resolved "https://registry.yarnpkg.com/mime-db/-/mime-db-1.27.0.tgz#820f572296bbd20ec25ed55e5b5de869e5436eb1"

mime-types@^2.1.12:
  version "2.1.15"
  resolved "https://registry.yarnpkg.com/mime-types/-/mime-types-2.1.15.tgz#a4ebf5064094569237b8cf70046776d09fc92aed"
  dependencies:
    mime-db "~1.27.0"

mime@1.2.11, mime@~1.2.11:
  version "1.2.11"
  resolved "https://registry.yarnpkg.com/mime/-/mime-1.2.11.tgz#58203eed86e3a5ef17aed2b7d9ebd47f0a60dd10"

mime@^1.3.4:
  version "1.3.5"
  resolved "https://registry.yarnpkg.com/mime/-/mime-1.3.5.tgz#dc1ee70b80fee4999cb0775c9f94beefc9a779a3"

minimatch@^0.3.0:
  version "0.3.0"
  resolved "https://registry.yarnpkg.com/minimatch/-/minimatch-0.3.0.tgz#275d8edaac4f1bb3326472089e7949c8394699dd"
  dependencies:
    lru-cache "2"
    sigmund "~1.0.0"

minimist@0.0.8, minimist@~0.0.1:
  version "0.0.8"
  resolved "https://registry.yarnpkg.com/minimist/-/minimist-0.0.8.tgz#857fcabfc3397d2625b8228262e86aa7a011b05d"

mkdirp@^0.5.0:
  version "0.5.1"
  resolved "https://registry.yarnpkg.com/mkdirp/-/mkdirp-0.5.1.tgz#30057438eac6cf7f8c4767f38648d6697d75c903"
  dependencies:
    minimist "0.0.8"

ms@0.6.2:
  version "0.6.2"
  resolved "https://registry.yarnpkg.com/ms/-/ms-0.6.2.tgz#d89c2124c6fdc1353d65a8b77bf1aac4b193708c"

ms@0.7.3:
  version "0.7.3"
  resolved "https://registry.yarnpkg.com/ms/-/ms-0.7.3.tgz#708155a5e44e33f5fd0fc53e81d0d40a91be1fff"

natural@>=0.0.28, natural@^0.1.28:
  version "0.1.29"
  resolved "https://registry.yarnpkg.com/natural/-/natural-0.1.29.tgz#59a37a6cd86d55e904b656d3b9da43fd2dc9e04a"
  dependencies:
    apparatus ">= 0.0.6"
    sylvester ">= 0.0.12"
    underscore ">=1.3.1"

node-summary@^1.1.0:
  version "1.1.0"
  resolved "https://registry.yarnpkg.com/node-summary/-/node-summary-1.1.0.tgz#c34857c465039d6b4b6df67ff63f02072dc1288c"
  dependencies:
    lodash-node "2.4.1"
    sentence-tokenizer "0.0.7"

object-assign@^0.3.1:
  version "0.3.1"
  resolved "https://registry.yarnpkg.com/object-assign/-/object-assign-0.3.1.tgz#060e2a2a27d7c0d77ec77b78f11aa47fd88008d2"

optimist@~0.6.1:
  version "0.6.1"
  resolved "https://registry.yarnpkg.com/optimist/-/optimist-0.6.1.tgz#da3ea74686fa21a19a111c326e90eb15a0196686"
  dependencies:
    minimist "~0.0.1"
    wordwrap "~0.0.2"

optionator@^0.4.0:
  version "0.4.0"
  resolved "https://registry.yarnpkg.com/optionator/-/optionator-0.4.0.tgz#e79c7926ff7d550f92c714dfc3da21d7877ebea6"
  dependencies:
    deep-is "~0.1.2"
    fast-levenshtein "~1.0.0"
    levn "~0.2.5"
    prelude-ls "~1.1.0"
    type-check "~0.3.1"
    wordwrap "~0.0.2"

pos@0.1.x:
  version "0.1.9"
  resolved "https://registry.yarnpkg.com/pos/-/pos-0.1.9.tgz#01563a7f799c4610b1d86628bf336fdc2ea977f7"

prelude-ls@~1.1.0, prelude-ls@~1.1.2:
  version "1.1.2"
  resolved "https://registry.yarnpkg.com/prelude-ls/-/prelude-ls-1.1.2.tgz#21932a549f5e52ffd9a827f570e04be62a97da54"

process-nextick-args@~1.0.6:
  version "1.0.7"
  resolved "https://registry.yarnpkg.com/process-nextick-args/-/process-nextick-args-1.0.7.tgz#150e20b756590ad3f91093f25a4f2ad8bff30ba3"

qs@0.6.6:
  version "0.6.6"
  resolved "https://registry.yarnpkg.com/qs/-/qs-0.6.6.tgz#6e015098ff51968b8a3c819001d5f2c89bc4b107"

qs@^6.1.0:
  version "6.4.0"
  resolved "https://registry.yarnpkg.com/qs/-/qs-6.4.0.tgz#13e26d28ad6b0ffaa91312cd3bf708ed351e7233"

readable-stream@1.0.27-1:
  version "1.0.27-1"
  resolved "https://registry.yarnpkg.com/readable-stream/-/readable-stream-1.0.27-1.tgz#6b67983c20357cefd07f0165001a16d710d91078"
  dependencies:
    core-util-is "~1.0.0"
    inherits "~2.0.1"
    isarray "0.0.1"
    string_decoder "~0.10.x"

readable-stream@1.1:
  version "1.1.13"
  resolved "https://registry.yarnpkg.com/readable-stream/-/readable-stream-1.1.13.tgz#f6eef764f514c89e2b9e23146a75ba106756d23e"
  dependencies:
    core-util-is "~1.0.0"
    inherits "~2.0.1"
    isarray "0.0.1"
    string_decoder "~0.10.x"

readable-stream@^2.0.5:
  version "2.2.9"
  resolved "https://registry.yarnpkg.com/readable-stream/-/readable-stream-2.2.9.tgz#cf78ec6f4a6d1eb43d26488cac97f042e74b7fc8"
  dependencies:
    buffer-shims "~1.0.0"
    core-util-is "~1.0.0"
    inherits "~2.0.1"
    isarray "~1.0.0"
    process-nextick-args "~1.0.6"
    string_decoder "~1.0.0"
    util-deprecate "~1.0.1"

reduce-component@1.0.1:
  version "1.0.1"
  resolved "https://registry.yarnpkg.com/reduce-component/-/reduce-component-1.0.1.tgz#e0c93542c574521bea13df0f9488ed82ab77c5da"

sentence-tokenizer@0.0.7:
  version "0.0.7"
  resolved "https://registry.yarnpkg.com/sentence-tokenizer/-/sentence-tokenizer-0.0.7.tgz#610f1b07d6079ed18c4dde504dd36d4cd638162a"
  dependencies:
    debug "*"
    sugar "1.3.x"

sentiment@^1.0.1:
  version "1.0.6"
  resolved "https://registry.yarnpkg.com/sentiment/-/sentiment-1.0.6.tgz#f6096c6271f020f490d58b54a8afd598db8acbb1"
  dependencies:
    lodash.assign "4.0.1"

sigmund@~1.0.0:
  version "1.0.1"
  resolved "https://registry.yarnpkg.com/sigmund/-/sigmund-1.0.1.tgz#3ff21f198cad2175f9f3b781853fd94d0d19b590"

string_decoder@~0.10.x:
  version "0.10.31"
  resolved "https://registry.yarnpkg.com/string_decoder/-/string_decoder-0.10.31.tgz#62e203bc41766c6c28c9fc84301dab1c5310fa94"

string_decoder@~1.0.0:
  version "1.0.0"
  resolved "https://registry.yarnpkg.com/string_decoder/-/string_decoder-1.0.0.tgz#f06f41157b664d86069f84bdbdc9b0d8ab281667"
  dependencies:
    buffer-shims "~1.0.0"

strip-ansi@~0.1.0:
  version "0.1.1"
  resolved "https://registry.yarnpkg.com/strip-ansi/-/strip-ansi-0.1.1.tgz#39e8a98d044d150660abe4a6808acf70bb7bc991"

strip-json-comments@~0.1.1:
  version "0.1.3"
  resolved "https://registry.yarnpkg.com/strip-json-comments/-/strip-json-comments-0.1.3.tgz#164c64e370a8a3cc00c9e01b539e569823f0ee54"

sugar@1.3.x:
  version "1.3.9"
  resolved "https://registry.yarnpkg.com/sugar/-/sugar-1.3.9.tgz#f879c6c87721252b51fd0b6520412d98d83cb179"

summarize@^1.5.0:
  version "1.5.0"
  resolved "https://registry.yarnpkg.com/summarize/-/summarize-1.5.0.tgz#203dc8138f11fd99853062614ef129a83c73b15d"
  dependencies:
    glossary "^0.1.1"
    lodash "^2.4.1"
    natural "^0.1.28"
    sentiment "^1.0.1"
    superagent "^0.18.2"
    text-statistics "^0.1.1"
    unfluff "^0.7.0"

superagent@^0.18.2:
  version "0.18.2"
  resolved "https://registry.yarnpkg.com/superagent/-/superagent-0.18.2.tgz#9afc6276a9475f4bdcd535ac6a0685ebc4b560eb"
  dependencies:
    component-emitter "1.1.2"
    cookiejar "2.0.1"
    debug "~1.0.1"
    extend "~1.2.1"
    form-data "0.1.3"
    formidable "1.0.14"
    methods "1.0.1"
    mime "1.2.11"
    qs "0.6.6"
    readable-stream "1.0.27-1"
    reduce-component "1.0.1"

superagent@^3.5.2:
  version "3.5.2"
  resolved "https://registry.yarnpkg.com/superagent/-/superagent-3.5.2.tgz#3361a3971567504c351063abeaae0faa23dbf3f8"
  dependencies:
    component-emitter "^1.2.0"
    cookiejar "^2.0.6"
    debug "^2.2.0"
    extend "^3.0.0"
    form-data "^2.1.1"
    formidable "^1.1.1"
    methods "^1.1.1"
    mime "^1.3.4"
    qs "^6.1.0"
    readable-stream "^2.0.5"

"sylvester@>= 0.0.12", "sylvester@>= 0.0.8":
  version "0.0.21"
  resolved "https://registry.yarnpkg.com/sylvester/-/sylvester-0.0.21.tgz#2987b1ce2bd2f38b0dce2a34388884bfa4400ea7"

text-statistics@^0.1.1:
  version "0.1.1"
  resolved "https://registry.yarnpkg.com/text-statistics/-/text-statistics-0.1.1.tgz#4a2d43ba10eab6b90b6635597fcd8881fe011a35"

text-table@~0.2.0:
  version "0.2.0"
  resolved "https://registry.yarnpkg.com/text-table/-/text-table-0.2.0.tgz#7f5ee823ae805207c00af2df4a84ec3fcfa570b4"

type-check@~0.3.1:
  version "0.3.2"
  resolved "https://registry.yarnpkg.com/type-check/-/type-check-0.3.2.tgz#5884cab512cf1d355e3fb784f30804b2b520db72"
  dependencies:
    prelude-ls "~1.1.2"

underscore.string@~2.4.0:
  version "2.4.0"
  resolved "https://registry.yarnpkg.com/underscore.string/-/underscore.string-2.4.0.tgz#8cdd8fbac4e2d2ea1e7e2e8097c42f442280f85b"

underscore@1.1.x:
  version "1.1.7"
  resolved "https://registry.yarnpkg.com/underscore/-/underscore-1.1.7.tgz#40bab84bad19d230096e8d6ef628bff055d83db0"

underscore@>=1.3.1, underscore@~1.7.0:
  version "1.7.0"
  resolved "https://registry.yarnpkg.com/underscore/-/underscore-1.7.0.tgz#6bbaf0877500d36be34ecaa584e0db9fef035209"

unfluff@^0.7.0:
  version "0.7.0"
  resolved "https://registry.yarnpkg.com/unfluff/-/unfluff-0.7.0.tgz#b6d8e603445600c8d3be245161c55bc49abf0338"
  dependencies:
    cheerio "~0.16.0"
    lodash "~2.4.1"
    optimist "~0.6.1"
    xregexp "~2.0.0"

unfluff@^1.1.0:
  version "1.1.0"
  resolved "https://registry.yarnpkg.com/unfluff/-/unfluff-1.1.0.tgz#5f0c1aaf8ef103836c6468113eb716ff59c0b4bb"
  dependencies:
    cheerio "~0.17.0"
    lodash "~2.4.1"
    optimist "~0.6.1"
    xregexp "~2.0.0"

util-deprecate@~1.0.1:
  version "1.0.2"
  resolved "https://registry.yarnpkg.com/util-deprecate/-/util-deprecate-1.0.2.tgz#450d4dc9fa70de732762fbd2d4a28981419a0ccf"

wordwrap@~0.0.2:
  version "0.0.3"
  resolved "https://registry.yarnpkg.com/wordwrap/-/wordwrap-0.0.3.tgz#a3d5da6cd5c0bc0008d37234bbaf1bed63059107"

xregexp@~2.0.0:
  version "2.0.0"
  resolved "https://registry.yarnpkg.com/xregexp/-/xregexp-2.0.0.tgz#52a63e56ca0b84a7f3a5f3d61872f126ad7a5943"
